Microsoft Visual Studio Solution File, Format Version 12.00
# Visual Studio Version 17
VisualStudioVersion = 17.0.31903.59
MinimumVisualStudioVersion = 10.0.40219.1
Project("{2150E333-8FDC-42A3-9474-1A3956D46DE8}") = "third-party", "third-party", "{B8844348-EB27-4BF5-BD8A-6DDC8C86BA5D}"
EndProject
Project("{8BC9CEB8-8B4A-11D0-8D11-00A0C91BC942}") = "sqlite", "third-party\sqlite\sqlite.vcxproj", "{06D3B3E6-E65E-4606-A634-6BA51F96AF70}"
EndProject
Project("{8BC9CEB8-8B4A-11D0-8D11-00A0C91BC942}") = "app", "src\app.vcxproj", "{BE60B8A6-8C12-48B3-AEC2-BF764BE92B49}"
	ProjectSection(ProjectDependencies) = postProject
		{03AF98C7-31D6-33B2-975E-0989568B23FB} = {03AF98C7-31D6-33B2-975E-0989568B23FB}
		{9743296C-D8B9-44C7-8DF6-92E24D5F4861} = {9743296C-D8B9-44C7-8DF6-92E24D5F4861}
		{9A2F1226-F015-4A4D-988C-ACC96576A556} = {9A2F1226-F015-4A4D-988C-ACC96576A556}
		{A867397A-0C99-3588-ABF3-CA22050152E1} = {A867397A-0C99-3588-ABF3-CA22050152E1}
		{EC86E62A-3F1F-41FD-8B5A-46D4174E2C1D} = {EC86E62A-3F1F-41FD-8B5A-46D4174E2C1D}
		{FB0D9E5C-6C47-4B88-AD51-27FC9DC63BEB} = {FB0D9E5C-6C47-4B88-AD51-27FC9DC63BEB}
	EndProjectSection
	ProjectSection(Projectthird-party) = postProject
		{F24B293B-E1E5-44DB-BC4D-089A916343CF} = {F24B293B-E1E5-44DB-BC4D-089A916343CF}
		{95B0E8AA-ADE5-42EA-85EB-D6D5E69F0697} = {95B0E8AA-ADE5-42EA-85EB-D6D5E69F0697}
	EndProjectSection
EndProject
Project("{8BC9CEB8-8B4A-11D0-8D11-00A0C91BC942}") = "hunspell", "third-party\hunspell\hunspell.vcxproj", "{18527041-F416-114C-500F-5856431D553A}"
EndProject
Project("{8BC9CEB8-8B4A-11D0-8D11-00A0C91BC942}") = "expat", "third-party\expat\expat.vcxproj", "{307DFC5B-AEB0-4523-AC4D-F55506A01036}"
EndProject
Project("{8BC9CEB8-8B4A-11D0-8D11-00A0C91BC942}") = "zlib", "third-party\ZLib\ZLib.vcxproj", "{33134F61-C1AD-4B6F-9CEA-503A9F140C52}"
EndProject
Project("{8BC9CEB8-8B4A-11D0-8D11-00A0C91BC942}") = "minizip", "third-party\minizip\minizip.vcxproj", "{48CDD9DC-E09F-4135-9C0C-4FE50C3C654B}"
EndProject
Project("{8BC9CEB8-8B4A-11D0-8D11-00A0C91BC942}") = "xmp", "third-party\xmp\xmp.vcxproj", "{C5BB1536-3776-4474-861D-B5923C610FE4}"
EndProject
Project("{8BC9CEB8-8B4A-11D0-8D11-00A0C91BC942}") = "libraw", "third-party\LibRaw\libraw.vcxproj", "{767E57ED-6D37-32A1-B51E-C39E7C1CD02A}"
EndProject
Project("{8BC9CEB8-8B4A-11D0-8D11-00A0C91BC942}") = "libjpeg", "third-party\LibJpeg\LibJpeg.vcxproj", "{2C15C400-4CB7-4EB7-9EC6-4C0716B26706}"
EndProject
Project("{8BC9CEB8-8B4A-11D0-8D11-00A0C91BC942}") = "ffmpeg", "third-party\FFmpeg\ffmpeg.vcxproj", "{D712C975-039A-4381-990E-9E4B33435EC8}"
EndProject
Project("{8BC9CEB8-8B4A-11D0-8D11-00A0C91BC942}") = "bzip2", "third-party\bzip2\bzip2.vcxproj", "{F24B293B-E1E5-44DB-BC4D-089A916343CF}"
EndProject
Project("{8BC9CEB8-8B4A-11D0-8D11-00A0C91BC942}") = "libopenmpt", "third-party\libopenmpt\libopenmpt.vcxproj", "{69EFB810-5F9B-4B89-A7AD-F724D5D45CD1}"
EndProject
Project("{8BC9CEB8-8B4A-11D0-8D11-00A0C91BC942}") = "libexif", "third-party\libexif\libexif.vcxproj", "{6BB47851-B3B2-40E7-AB80-54944BA587CB}"
EndProject
Project("{8BC9CEB8-8B4A-11D0-8D11-00A0C91BC942}") = "libmatroska", "third-party\libmatroska\libmatroska.vcxproj", "{7BE9AE68-C4D9-4436-892E-91CF677EC0A7}"
EndProject
Project("{8BC9CEB8-8B4A-11D0-8D11-00A0C91BC942}") = "libebml", "third-party\libebml\libebml.vcxproj", "{A1CE6D15-A6EC-4536-9D31-E0602493EE27}"
EndProject
Project("{8BC9CEB8-8B4A-11D0-8D11-00A0C91BC942}") = "libpng", "third-party\libpng\libpng.vcxproj", "{57A5A2FA-023C-4C6C-9922-A8B061AE9998}"
EndProject
Project("{8BC9CEB8-8B4A-11D0-8D11-00A0C91BC942}") = "liblzma", "third-party\liblzma\liblzma.vcxproj", "{12728250-16EC-4DC6-94D7-E21DD88947F8}"
EndProject
Project("{8BC9CEB8-8B4A-11D0-8D11-00A0C91BC942}") = "webp", "third-party\webp\webp.vcxproj", "{DA6B2A49-4F76-4D84-AB2D-05C805884915}"
EndProject
Project("{8BC9CEB8-8B4A-11D0-8D11-00A0C91BC942}") = "dng", "third-party\dng\dng.vcxproj", "{3C085EF4-C8C5-40BA-A9E6-A44FBC86B7B9}"
EndProject
Project("{8BC9CEB8-8B4A-11D0-8D11-00A0C91BC942}") = "libde265", "third-party\libde265\libde265.vcxproj", "{63ACC352-6F33-4E76-AE5B-B78F3B40CB44}"
EndProject
Project("{8BC9CEB8-8B4A-11D0-8D11-00A0C91BC942}") = "libheif", "third-party\libheif\libheif.vcxproj", "{ABB9A353-8CCE-40CF-ACC5-9B3BD2B18746}"
EndProject
Project("{2150E333-8FDC-42A3-9474-1A3956D46DE8}") = "setup", "setup", "{027D6ECE-CA72-477C-A418-833FD49D4ACE}"
	ProjectSection(SolutionItems) = preProject
		installer\diff.nsi = installer\diff.nsi
	EndProjectSection
EndProject
Project("{2150E333-8FDC-42A3-9474-1A3956D46DE8}") = "languages", "languages", "{FD1E6330-67CF-4027-8EF4-4CBAA6F12532}"
	ProjectSection(SolutionItems) = preProject
		exe\languages\cs.po = exe\languages\cs.po
		exe\languages\de.po = exe\languages\de.po
		exe\languages\es.po = exe\languages\es.po
		exe\languages\it.po = exe\languages\it.po
		exe\languages\ja.po = exe\languages\ja.po
	EndProjectSection
EndProject
Project("{8BC9CEB8-8B4A-11D0-8D11-00A0C91BC942}") = "libjpeg12", "third-party\LibJpeg\jpeg12.vcxproj", "{A867397A-0C99-3588-ABF3-CA22050152E1}"
EndProject
Project("{8BC9CEB8-8B4A-11D0-8D11-00A0C91BC942}") = "libjpeg16", "third-party\LibJpeg\jpeg16.vcxproj", "{03AF98C7-31D6-33B2-975E-0989568B23FB}"
EndProject
Project("{8BC9CEB8-8B4A-11D0-8D11-00A0C91BC942}") = "dav1d", "third-party\dav1d\dav1d.vcxproj", "{9743296C-D8B9-44C7-8DF6-92E24D5F4861}"
EndProject
Project("{2150E333-8FDC-42A3-9474-1A3956D46DE8}") = "Solution Items", "Solution Items", "{FEA03DE4-23D2-41EF-9DE4-1B5EBE349786}"
	ProjectSection(SolutionItems) = preProject
		README.md = README.md
	EndProjectSection
EndProject
Project("{8BC9CEB8-8B4A-11D0-8D11-00A0C91BC942}") = "jxl", "third-party\libjx\jxl.vcxproj", "{9A2F1226-F015-4A4D-988C-ACC96576A556}"
EndProject
Project("{8BC9CEB8-8B4A-11D0-8D11-00A0C91BC942}") = "highway", "third-party\highway\highway.vcxproj", "{FB0D9E5C-6C47-4B88-AD51-27FC9DC63BEB}"
EndProject
Project("{8BC9CEB8-8B4A-11D0-8D11-00A0C91BC942}") = "brotli", "third-party\brotli\brotli.vcxproj", "{EC86E62A-3F1F-41FD-8B5A-46D4174E2C1D}"
EndProject
Project("{8BC9CEB8-8B4A-11D0-8D11-00A0C91BC942}") = "skcms", "third-party\skcms\skcms.vcxproj", "{0763177E-200C-4752-8756-34EB8A1E3B7B}"
EndProject
Project("{8BC9CEB8-8B4A-11D0-8D11-00A0C91BC942}") = "libarchive", "third-party\libarchive\libarchive.vcxproj", "{07C6A841-91DC-4E2C-893E-32E469232A7A}"
EndProject
Global
	GlobalSection(SolutionConfigurationPlatforms) = preSolution
		Debug|ARM64 = Debug|ARM64
		Debug|Win32 = Debug|Win32
		Debug|x64 = Debug|x64
		Release|ARM64 = Release|ARM64
		Release|Win32 = Release|Win32
		Release|x64 = Release|x64
	EndGlobalSection
	GlobalSection(ProjectConfigurationPlatforms) = postSolution
		{06D3B3E6-E65E-4606-A634-6BA51F96AF70}.Debug|ARM64.ActiveCfg = Debug|ARM64
		{06D3B3E6-E65E-4606-A634-6BA51F96AF70}.Debug|ARM64.Build.0 = Debug|ARM64
		{06D3B3E6-E65E-4606-A634-6BA51F96AF70}.Debug|Win32.ActiveCfg = Debug|Win32
		{06D3B3E6-E65E-4606-A634-6BA51F96AF70}.Debug|Win32.Build.0 = Debug|Win32
		{06D3B3E6-E65E-4606-A634-6BA51F96AF70}.Debug|x64.ActiveCfg = Debug|x64
		{06D3B3E6-E65E-4606-A634-6BA51F96AF70}.Debug|x64.Build.0 = Debug|x64
		{06D3B3E6-E65E-4606-A634-6BA51F96AF70}.Release|ARM64.ActiveCfg = Release|ARM64
		{06D3B3E6-E65E-4606-A634-6BA51F96AF70}.Release|ARM64.Build.0 = Release|ARM64
		{06D3B3E6-E65E-4606-A634-6BA51F96AF70}.Release|Win32.ActiveCfg = Release|Win32
		{06D3B3E6-E65E-4606-A634-6BA51F96AF70}.Release|Win32.Build.0 = Release|Win32
		{06D3B3E6-E65E-4606-A634-6BA51F96AF70}.Release|x64.ActiveCfg = Release|x64
		{06D3B3E6-E65E-4606-A634-6BA51F96AF70}.Release|x64.Build.0 = Release|x64
		{BE60B8A6-8C12-48B3-AEC2-BF764BE92B49}.Debug|ARM64.ActiveCfg = Debug|ARM64
		{BE60B8A6-8C12-48B3-AEC2-BF764BE92B49}.Debug|ARM64.Build.0 = Debug|ARM64
		{BE60B8A6-8C12-48B3-AEC2-BF764BE92B49}.Debug|Win32.ActiveCfg = Debug|Win32
		{BE60B8A6-8C12-48B3-AEC2-BF764BE92B49}.Debug|Win32.Build.0 = Debug|Win32
		{BE60B8A6-8C12-48B3-AEC2-BF764BE92B49}.Debug|x64.ActiveCfg = Debug|x64
		{BE60B8A6-8C12-48B3-AEC2-BF764BE92B49}.Debug|x64.Build.0 = Debug|x64
		{BE60B8A6-8C12-48B3-AEC2-BF764BE92B49}.Release|ARM64.ActiveCfg = Release|ARM64
		{BE60B8A6-8C12-48B3-AEC2-BF764BE92B49}.Release|ARM64.Build.0 = Release|ARM64
		{BE60B8A6-8C12-48B3-AEC2-BF764BE92B49}.Release|Win32.ActiveCfg = Release|Win32
		{BE60B8A6-8C12-48B3-AEC2-BF764BE92B49}.Release|Win32.Build.0 = Release|Win32
		{BE60B8A6-8C12-48B3-AEC2-BF764BE92B49}.Release|x64.ActiveCfg = Release|x64
		{BE60B8A6-8C12-48B3-AEC2-BF764BE92B49}.Release|x64.Build.0 = Release|x64
		{18527041-F416-114C-500F-5856431D553A}.Debug|ARM64.ActiveCfg = Debug|ARM64
		{18527041-F416-114C-500F-5856431D553A}.Debug|ARM64.Build.0 = Debug|ARM64
		{18527041-F416-114C-500F-5856431D553A}.Debug|Win32.ActiveCfg = Debug|Win32
		{18527041-F416-114C-500F-5856431D553A}.Debug|Win32.Build.0 = Debug|Win32
		{18527041-F416-114C-500F-5856431D553A}.Debug|x64.ActiveCfg = Debug|x64
		{18527041-F416-114C-500F-5856431D553A}.Debug|x64.Build.0 = Debug|x64
		{18527041-F416-114C-500F-5856431D553A}.Release|ARM64.ActiveCfg = Release|ARM64
		{18527041-F416-114C-500F-5856431D553A}.Release|ARM64.Build.0 = Release|ARM64
		{18527041-F416-114C-500F-5856431D553A}.Release|Win32.ActiveCfg = Release|Win32
		{18527041-F416-114C-500F-5856431D553A}.Release|Win32.Build.0 = Release|Win32
		{18527041-F416-114C-500F-5856431D553A}.Release|x64.ActiveCfg = Release|x64
		{18527041-F416-114C-500F-5856431D553A}.Release|x64.Build.0 = Release|x64
		{307DFC5B-AEB0-4523-AC4D-F55506A01036}.Debug|ARM64.ActiveCfg = Debug|ARM64
		{307DFC5B-AEB0-4523-AC4D-F55506A01036}.Debug|ARM64.Build.0 = Debug|ARM64
		{307DFC5B-AEB0-4523-AC4D-F55506A01036}.Debug|Win32.ActiveCfg = Debug|Win32
		{307DFC5B-AEB0-4523-AC4D-F55506A01036}.Debug|Win32.Build.0 = Debug|Win32
		{307DFC5B-AEB0-4523-AC4D-F55506A01036}.Debug|x64.ActiveCfg = Debug|x64
		{307DFC5B-AEB0-4523-AC4D-F55506A01036}.Debug|x64.Build.0 = Debug|x64
		{307DFC5B-AEB0-4523-AC4D-F55506A01036}.Release|ARM64.ActiveCfg = Release|ARM64
		{307DFC5B-AEB0-4523-AC4D-F55506A01036}.Release|ARM64.Build.0 = Release|ARM64
		{307DFC5B-AEB0-4523-AC4D-F55506A01036}.Release|Win32.ActiveCfg = Release|Win32
		{307DFC5B-AEB0-4523-AC4D-F55506A01036}.Release|Win32.Build.0 = Release|Win32
		{307DFC5B-AEB0-4523-AC4D-F55506A01036}.Release|x64.ActiveCfg = Release|x64
		{307DFC5B-AEB0-4523-AC4D-F55506A01036}.Release|x64.Build.0 = Release|x64
		{33134F61-C1AD-4B6F-9CEA-503A9F140C52}.Debug|ARM64.ActiveCfg = Debug|ARM64
		{33134F61-C1AD-4B6F-9CEA-503A9F140C52}.Debug|ARM64.Build.0 = Debug|ARM64
		{33134F61-C1AD-4B6F-9CEA-503A9F140C52}.Debug|Win32.ActiveCfg = Debug|Win32
		{33134F61-C1AD-4B6F-9CEA-503A9F140C52}.Debug|Win32.Build.0 = Debug|Win32
		{33134F61-C1AD-4B6F-9CEA-503A9F140C52}.Debug|x64.ActiveCfg = Debug|x64
		{33134F61-C1AD-4B6F-9CEA-503A9F140C52}.Debug|x64.Build.0 = Debug|x64
		{33134F61-C1AD-4B6F-9CEA-503A9F140C52}.Release|ARM64.ActiveCfg = Release|ARM64
		{33134F61-C1AD-4B6F-9CEA-503A9F140C52}.Release|ARM64.Build.0 = Release|ARM64
		{33134F61-C1AD-4B6F-9CEA-503A9F140C52}.Release|Win32.ActiveCfg = Release|Win32
		{33134F61-C1AD-4B6F-9CEA-503A9F140C52}.Release|Win32.Build.0 = Release|Win32
		{33134F61-C1AD-4B6F-9CEA-503A9F140C52}.Release|x64.ActiveCfg = Release|x64
		{33134F61-C1AD-4B6F-9CEA-503A9F140C52}.Release|x64.Build.0 = Release|x64
		{48CDD9DC-E09F-4135-9C0C-4FE50C3C654B}.Debug|ARM64.ActiveCfg = Debug|ARM64
		{48CDD9DC-E09F-4135-9C0C-4FE50C3C654B}.Debug|ARM64.Build.0 = Debug|ARM64
		{48CDD9DC-E09F-4135-9C0C-4FE50C3C654B}.Debug|Win32.ActiveCfg = Debug|Win32
		{48CDD9DC-E09F-4135-9C0C-4FE50C3C654B}.Debug|Win32.Build.0 = Debug|Win32
		{48CDD9DC-E09F-4135-9C0C-4FE50C3C654B}.Debug|x64.ActiveCfg = Debug|x64
		{48CDD9DC-E09F-4135-9C0C-4FE50C3C654B}.Debug|x64.Build.0 = Debug|x64
		{48CDD9DC-E09F-4135-9C0C-4FE50C3C654B}.Release|ARM64.ActiveCfg = Release|ARM64
		{48CDD9DC-E09F-4135-9C0C-4FE50C3C654B}.Release|ARM64.Build.0 = Release|ARM64
		{48CDD9DC-E09F-4135-9C0C-4FE50C3C654B}.Release|Win32.ActiveCfg = Release|Win32
		{48CDD9DC-E09F-4135-9C0C-4FE50C3C654B}.Release|Win32.Build.0 = Release|Win32
		{48CDD9DC-E09F-4135-9C0C-4FE50C3C654B}.Release|x64.ActiveCfg = Release|x64
		{48CDD9DC-E09F-4135-9C0C-4FE50C3C654B}.Release|x64.Build.0 = Release|x64
		{C5BB1536-3776-4474-861D-B5923C610FE4}.Debug|ARM64.ActiveCfg = Debug|ARM64
		{C5BB1536-3776-4474-861D-B5923C610FE4}.Debug|ARM64.Build.0 = Debug|ARM64
		{C5BB1536-3776-4474-861D-B5923C610FE4}.Debug|Win32.ActiveCfg = Debug|Win32
		{C5BB1536-3776-4474-861D-B5923C610FE4}.Debug|Win32.Build.0 = Debug|Win32
		{C5BB1536-3776-4474-861D-B5923C610FE4}.Debug|x64.ActiveCfg = Debug|x64
		{C5BB1536-3776-4474-861D-B5923C610FE4}.Debug|x64.Build.0 = Debug|x64
		{C5BB1536-3776-4474-861D-B5923C610FE4}.Release|ARM64.ActiveCfg = Release|ARM64
		{C5BB1536-3776-4474-861D-B5923C610FE4}.Release|ARM64.Build.0 = Release|ARM64
		{C5BB1536-3776-4474-861D-B5923C610FE4}.Release|Win32.ActiveCfg = Release|Win32
		{C5BB1536-3776-4474-861D-B5923C610FE4}.Release|Win32.Build.0 = Release|Win32
		{C5BB1536-3776-4474-861D-B5923C610FE4}.Release|x64.ActiveCfg = Release|x64
		{C5BB1536-3776-4474-861D-B5923C610FE4}.Release|x64.Build.0 = Release|x64
		{767E57ED-6D37-32A1-B51E-C39E7C1CD02A}.Debug|ARM64.ActiveCfg = Debug|ARM64
		{767E57ED-6D37-32A1-B51E-C39E7C1CD02A}.Debug|ARM64.Build.0 = Debug|ARM64
		{767E57ED-6D37-32A1-B51E-C39E7C1CD02A}.Debug|Win32.ActiveCfg = Debug|Win32
		{767E57ED-6D37-32A1-B51E-C39E7C1CD02A}.Debug|Win32.Build.0 = Debug|Win32
		{767E57ED-6D37-32A1-B51E-C39E7C1CD02A}.Debug|x64.ActiveCfg = Debug|x64
		{767E57ED-6D37-32A1-B51E-C39E7C1CD02A}.Debug|x64.Build.0 = Debug|x64
		{767E57ED-6D37-32A1-B51E-C39E7C1CD02A}.Release|ARM64.ActiveCfg = Release|ARM64
		{767E57ED-6D37-32A1-B51E-C39E7C1CD02A}.Release|ARM64.Build.0 = Release|ARM64
		{767E57ED-6D37-32A1-B51E-C39E7C1CD02A}.Release|Win32.ActiveCfg = Release|Win32
		{767E57ED-6D37-32A1-B51E-C39E7C1CD02A}.Release|Win32.Build.0 = Release|Win32
		{767E57ED-6D37-32A1-B51E-C39E7C1CD02A}.Release|x64.ActiveCfg = Release|x64
		{767E57ED-6D37-32A1-B51E-C39E7C1CD02A}.Release|x64.Build.0 = Release|x64
		{2C15C400-4CB7-4EB7-9EC6-4C0716B26706}.Debug|ARM64.ActiveCfg = Debug|ARM64
		{2C15C400-4CB7-4EB7-9EC6-4C0716B26706}.Debug|ARM64.Build.0 = Debug|ARM64
		{2C15C400-4CB7-4EB7-9EC6-4C0716B26706}.Debug|Win32.ActiveCfg = Debug|Win32
		{2C15C400-4CB7-4EB7-9EC6-4C0716B26706}.Debug|Win32.Build.0 = Debug|Win32
		{2C15C400-4CB7-4EB7-9EC6-4C0716B26706}.Debug|x64.ActiveCfg = Debug|x64
		{2C15C400-4CB7-4EB7-9EC6-4C0716B26706}.Debug|x64.Build.0 = Debug|x64
		{2C15C400-4CB7-4EB7-9EC6-4C0716B26706}.Release|ARM64.ActiveCfg = Release|ARM64
		{2C15C400-4CB7-4EB7-9EC6-4C0716B26706}.Release|ARM64.Build.0 = Release|ARM64
		{2C15C400-4CB7-4EB7-9EC6-4C0716B26706}.Release|Win32.ActiveCfg = Release|Win32
		{2C15C400-4CB7-4EB7-9EC6-4C0716B26706}.Release|Win32.Build.0 = Release|Win32
		{2C15C400-4CB7-4EB7-9EC6-4C0716B26706}.Release|x64.ActiveCfg = Release|x64
		{2C15C400-4CB7-4EB7-9EC6-4C0716B26706}.Release|x64.Build.0 = Release|x64
		{D712C975-039A-4381-990E-9E4B33435EC8}.Debug|ARM64.ActiveCfg = Debug|ARM64
		{D712C975-039A-4381-990E-9E4B33435EC8}.Debug|ARM64.Build.0 = Debug|ARM64
		{D712C975-039A-4381-990E-9E4B33435EC8}.Debug|Win32.ActiveCfg = Debug|Win32
		{D712C975-039A-4381-990E-9E4B33435EC8}.Debug|Win32.Build.0 = Debug|Win32
		{D712C975-039A-4381-990E-9E4B33435EC8}.Debug|x64.ActiveCfg = Debug|x64
		{D712C975-039A-4381-990E-9E4B33435EC8}.Debug|x64.Build.0 = Debug|x64
		{D712C975-039A-4381-990E-9E4B33435EC8}.Release|ARM64.ActiveCfg = Release|ARM64
		{D712C975-039A-4381-990E-9E4B33435EC8}.Release|ARM64.Build.0 = Release|ARM64
		{D712C975-039A-4381-990E-9E4B33435EC8}.Release|Win32.ActiveCfg = Release|Win32
		{D712C975-039A-4381-990E-9E4B33435EC8}.Release|Win32.Build.0 = Release|Win32
		{D712C975-039A-4381-990E-9E4B33435EC8}.Release|x64.ActiveCfg = Release|x64
		{D712C975-039A-4381-990E-9E4B33435EC8}.Release|x64.Build.0 = Release|x64
		{F24B293B-E1E5-44DB-BC4D-089A916343CF}.Debug|ARM64.ActiveCfg = Debug|ARM64
		{F24B293B-E1E5-44DB-BC4D-089A916343CF}.Debug|ARM64.Build.0 = Debug|ARM64
		{F24B293B-E1E5-44DB-BC4D-089A916343CF}.Debug|Win32.ActiveCfg = Debug|Win32
		{F24B293B-E1E5-44DB-BC4D-089A916343CF}.Debug|Win32.Build.0 = Debug|Win32
		{F24B293B-E1E5-44DB-BC4D-089A916343CF}.Debug|x64.ActiveCfg = Debug|x64
		{F24B293B-E1E5-44DB-BC4D-089A916343CF}.Debug|x64.Build.0 = Debug|x64
		{F24B293B-E1E5-44DB-BC4D-089A916343CF}.Release|ARM64.ActiveCfg = Release|ARM64
		{F24B293B-E1E5-44DB-BC4D-089A916343CF}.Release|ARM64.Build.0 = Release|ARM64
		{F24B293B-E1E5-44DB-BC4D-089A916343CF}.Release|Win32.ActiveCfg = Release|Win32
		{F24B293B-E1E5-44DB-BC4D-089A916343CF}.Release|Win32.Build.0 = Release|Win32
		{F24B293B-E1E5-44DB-BC4D-089A916343CF}.Release|x64.ActiveCfg = Release|x64
		{F24B293B-E1E5-44DB-BC4D-089A916343CF}.Release|x64.Build.0 = Release|x64
		{69EFB810-5F9B-4B89-A7AD-F724D5D45CD1}.Debug|ARM64.ActiveCfg = Debug|ARM64
		{69EFB810-5F9B-4B89-A7AD-F724D5D45CD1}.Debug|ARM64.Build.0 = Debug|ARM64
		{69EFB810-5F9B-4B89-A7AD-F724D5D45CD1}.Debug|Win32.ActiveCfg = Debug|Win32
		{69EFB810-5F9B-4B89-A7AD-F724D5D45CD1}.Debug|Win32.Build.0 = Debug|Win32
		{69EFB810-5F9B-4B89-A7AD-F724D5D45CD1}.Debug|x64.ActiveCfg = Debug|x64
		{69EFB810-5F9B-4B89-A7AD-F724D5D45CD1}.Debug|x64.Build.0 = Debug|x64
		{69EFB810-5F9B-4B89-A7AD-F724D5D45CD1}.Release|ARM64.ActiveCfg = Release|ARM64
		{69EFB810-5F9B-4B89-A7AD-F724D5D45CD1}.Release|ARM64.Build.0 = Release|ARM64
		{69EFB810-5F9B-4B89-A7AD-F724D5D45CD1}.Release|Win32.ActiveCfg = Release|Win32
		{69EFB810-5F9B-4B89-A7AD-F724D5D45CD1}.Release|Win32.Build.0 = Release|Win32
		{69EFB810-5F9B-4B89-A7AD-F724D5D45CD1}.Release|x64.ActiveCfg = Release|x64
		{69EFB810-5F9B-4B89-A7AD-F724D5D45CD1}.Release|x64.Build.0 = Release|x64
		{6BB47851-B3B2-40E7-AB80-54944BA587CB}.Debug|ARM64.ActiveCfg = Debug|ARM64
		{6BB47851-B3B2-40E7-AB80-54944BA587CB}.Debug|ARM64.Build.0 = Debug|ARM64
		{6BB47851-B3B2-40E7-AB80-54944BA587CB}.Debug|Win32.ActiveCfg = Debug|Win32
		{6BB47851-B3B2-40E7-AB80-54944BA587CB}.Debug|Win32.Build.0 = Debug|Win32
		{6BB47851-B3B2-40E7-AB80-54944BA587CB}.Debug|x64.ActiveCfg = Debug|x64
		{6BB47851-B3B2-40E7-AB80-54944BA587CB}.Debug|x64.Build.0 = Debug|x64
		{6BB47851-B3B2-40E7-AB80-54944BA587CB}.Release|ARM64.ActiveCfg = Release|ARM64
		{6BB47851-B3B2-40E7-AB80-54944BA587CB}.Release|ARM64.Build.0 = Release|ARM64
		{6BB47851-B3B2-40E7-AB80-54944BA587CB}.Release|Win32.ActiveCfg = Release|Win32
		{6BB47851-B3B2-40E7-AB80-54944BA587CB}.Release|Win32.Build.0 = Release|Win32
		{6BB47851-B3B2-40E7-AB80-54944BA587CB}.Release|x64.ActiveCfg = Release|x64
		{6BB47851-B3B2-40E7-AB80-54944BA587CB}.Release|x64.Build.0 = Release|x64
		{7BE9AE68-C4D9-4436-892E-91CF677EC0A7}.Debug|ARM64.ActiveCfg = Debug|ARM64
		{7BE9AE68-C4D9-4436-892E-91CF677EC0A7}.Debug|ARM64.Build.0 = Debug|ARM64
		{7BE9AE68-C4D9-4436-892E-91CF677EC0A7}.Debug|Win32.ActiveCfg = Debug|Win32
		{7BE9AE68-C4D9-4436-892E-91CF677EC0A7}.Debug|Win32.Build.0 = Debug|Win32
		{7BE9AE68-C4D9-4436-892E-91CF677EC0A7}.Debug|x64.ActiveCfg = Debug|x64
		{7BE9AE68-C4D9-4436-892E-91CF677EC0A7}.Debug|x64.Build.0 = Debug|x64
		{7BE9AE68-C4D9-4436-892E-91CF677EC0A7}.Release|ARM64.ActiveCfg = Release|ARM64
		{7BE9AE68-C4D9-4436-892E-91CF677EC0A7}.Release|ARM64.Build.0 = Release|ARM64
		{7BE9AE68-C4D9-4436-892E-91CF677EC0A7}.Release|Win32.ActiveCfg = Release|Win32
		{7BE9AE68-C4D9-4436-892E-91CF677EC0A7}.Release|Win32.Build.0 = Release|Win32
		{7BE9AE68-C4D9-4436-892E-91CF677EC0A7}.Release|x64.ActiveCfg = Release|x64
		{7BE9AE68-C4D9-4436-892E-91CF677EC0A7}.Release|x64.Build.0 = Release|x64
		{A1CE6D15-A6EC-4536-9D31-E0602493EE27}.Debug|ARM64.ActiveCfg = Debug|ARM64
		{A1CE6D15-A6EC-4536-9D31-E0602493EE27}.Debug|ARM64.Build.0 = Debug|ARM64
		{A1CE6D15-A6EC-4536-9D31-E0602493EE27}.Debug|Win32.ActiveCfg = Debug|Win32
		{A1CE6D15-A6EC-4536-9D31-E0602493EE27}.Debug|Win32.Build.0 = Debug|Win32
		{A1CE6D15-A6EC-4536-9D31-E0602493EE27}.Debug|x64.ActiveCfg = Debug|x64
		{A1CE6D15-A6EC-4536-9D31-E0602493EE27}.Debug|x64.Build.0 = Debug|x64
		{A1CE6D15-A6EC-4536-9D31-E0602493EE27}.Release|ARM64.ActiveCfg = Release|ARM64
		{A1CE6D15-A6EC-4536-9D31-E0602493EE27}.Release|ARM64.Build.0 = Release|ARM64
		{A1CE6D15-A6EC-4536-9D31-E0602493EE27}.Release|Win32.ActiveCfg = Release|Win32
		{A1CE6D15-A6EC-4536-9D31-E0602493EE27}.Release|Win32.Build.0 = Release|Win32
		{A1CE6D15-A6EC-4536-9D31-E0602493EE27}.Release|x64.ActiveCfg = Release|x64
		{A1CE6D15-A6EC-4536-9D31-E0602493EE27}.Release|x64.Build.0 = Release|x64
		{57A5A2FA-023C-4C6C-9922-A8B061AE9998}.Debug|ARM64.ActiveCfg = Debug|ARM64
		{57A5A2FA-023C-4C6C-9922-A8B061AE9998}.Debug|ARM64.Build.0 = Debug|ARM64
		{57A5A2FA-023C-4C6C-9922-A8B061AE9998}.Debug|Win32.ActiveCfg = Debug|Win32
		{57A5A2FA-023C-4C6C-9922-A8B061AE9998}.Debug|Win32.Build.0 = Debug|Win32
		{57A5A2FA-023C-4C6C-9922-A8B061AE9998}.Debug|x64.ActiveCfg = Debug|x64
		{57A5A2FA-023C-4C6C-9922-A8B061AE9998}.Debug|x64.Build.0 = Debug|x64
		{57A5A2FA-023C-4C6C-9922-A8B061AE9998}.Release|ARM64.ActiveCfg = Release|ARM64
		{57A5A2FA-023C-4C6C-9922-A8B061AE9998}.Release|ARM64.Build.0 = Release|ARM64
		{57A5A2FA-023C-4C6C-9922-A8B061AE9998}.Release|Win32.ActiveCfg = Release|Win32
		{57A5A2FA-023C-4C6C-9922-A8B061AE9998}.Release|Win32.Build.0 = Release|Win32
		{57A5A2FA-023C-4C6C-9922-A8B061AE9998}.Release|x64.ActiveCfg = Release|x64
		{57A5A2FA-023C-4C6C-9922-A8B061AE9998}.Release|x64.Build.0 = Release|x64
		{12728250-16EC-4DC6-94D7-E21DD88947F8}.Debug|ARM64.ActiveCfg = Debug|ARM64
		{12728250-16EC-4DC6-94D7-E21DD88947F8}.Debug|ARM64.Build.0 = Debug|ARM64
		{12728250-16EC-4DC6-94D7-E21DD88947F8}.Debug|Win32.ActiveCfg = Debug|Win32
		{12728250-16EC-4DC6-94D7-E21DD88947F8}.Debug|Win32.Build.0 = Debug|Win32
		{12728250-16EC-4DC6-94D7-E21DD88947F8}.Debug|x64.ActiveCfg = Debug|x64
		{12728250-16EC-4DC6-94D7-E21DD88947F8}.Debug|x64.Build.0 = Debug|x64
		{12728250-16EC-4DC6-94D7-E21DD88947F8}.Release|ARM64.ActiveCfg = Release|ARM64
		{12728250-16EC-4DC6-94D7-E21DD88947F8}.Release|ARM64.Build.0 = Release|ARM64
		{12728250-16EC-4DC6-94D7-E21DD88947F8}.Release|Win32.ActiveCfg = Release|Win32
		{12728250-16EC-4DC6-94D7-E21DD88947F8}.Release|Win32.Build.0 = Release|Win32
		{12728250-16EC-4DC6-94D7-E21DD88947F8}.Release|x64.ActiveCfg = Release|x64
		{12728250-16EC-4DC6-94D7-E21DD88947F8}.Release|x64.Build.0 = Release|x64
		{DA6B2A49-4F76-4D84-AB2D-05C805884915}.Debug|ARM64.ActiveCfg = Debug|ARM64
		{DA6B2A49-4F76-4D84-AB2D-05C805884915}.Debug|ARM64.Build.0 = Debug|ARM64
		{DA6B2A49-4F76-4D84-AB2D-05C805884915}.Debug|Win32.ActiveCfg = Debug|Win32
		{DA6B2A49-4F76-4D84-AB2D-05C805884915}.Debug|Win32.Build.0 = Debug|Win32
		{DA6B2A49-4F76-4D84-AB2D-05C805884915}.Debug|x64.ActiveCfg = Debug|x64
		{DA6B2A49-4F76-4D84-AB2D-05C805884915}.Debug|x64.Build.0 = Debug|x64
		{DA6B2A49-4F76-4D84-AB2D-05C805884915}.Release|ARM64.ActiveCfg = Release|ARM64
		{DA6B2A49-4F76-4D84-AB2D-05C805884915}.Release|ARM64.Build.0 = Release|ARM64
		{DA6B2A49-4F76-4D84-AB2D-05C805884915}.Release|Win32.ActiveCfg = Release|Win32
		{DA6B2A49-4F76-4D84-AB2D-05C805884915}.Release|Win32.Build.0 = Release|Win32
		{DA6B2A49-4F76-4D84-AB2D-05C805884915}.Release|x64.ActiveCfg = Release|x64
		{DA6B2A49-4F76-4D84-AB2D-05C805884915}.Release|x64.Build.0 = Release|x64
		{3C085EF4-C8C5-40BA-A9E6-A44FBC86B7B9}.Debug|ARM64.ActiveCfg = Debug|ARM64
		{3C085EF4-C8C5-40BA-A9E6-A44FBC86B7B9}.Debug|ARM64.Build.0 = Debug|ARM64
		{3C085EF4-C8C5-40BA-A9E6-A44FBC86B7B9}.Debug|Win32.ActiveCfg = Debug|Win32
		{3C085EF4-C8C5-40BA-A9E6-A44FBC86B7B9}.Debug|Win32.Build.0 = Debug|Win32
		{3C085EF4-C8C5-40BA-A9E6-A44FBC86B7B9}.Debug|x64.ActiveCfg = Debug|x64
		{3C085EF4-C8C5-40BA-A9E6-A44FBC86B7B9}.Debug|x64.Build.0 = Debug|x64
		{3C085EF4-C8C5-40BA-A9E6-A44FBC86B7B9}.Release|ARM64.ActiveCfg = Release|ARM64
		{3C085EF4-C8C5-40BA-A9E6-A44FBC86B7B9}.Release|ARM64.Build.0 = Release|ARM64
		{3C085EF4-C8C5-40BA-A9E6-A44FBC86B7B9}.Release|Win32.ActiveCfg = Release|Win32
		{3C085EF4-C8C5-40BA-A9E6-A44FBC86B7B9}.Release|Win32.Build.0 = Release|Win32
		{3C085EF4-C8C5-40BA-A9E6-A44FBC86B7B9}.Release|x64.ActiveCfg = Release|x64
		{3C085EF4-C8C5-40BA-A9E6-A44FBC86B7B9}.Release|x64.Build.0 = Release|x64
		{63ACC352-6F33-4E76-AE5B-B78F3B40CB44}.Debug|ARM64.ActiveCfg = Debug|ARM64
		{63ACC352-6F33-4E76-AE5B-B78F3B40CB44}.Debug|ARM64.Build.0 = Debug|ARM64
		{63ACC352-6F33-4E76-AE5B-B78F3B40CB44}.Debug|Win32.ActiveCfg = Debug|Win32
		{63ACC352-6F33-4E76-AE5B-B78F3B40CB44}.Debug|Win32.Build.0 = Debug|Win32
		{63ACC352-6F33-4E76-AE5B-B78F3B40CB44}.Debug|x64.ActiveCfg = Debug|x64
		{63ACC352-6F33-4E76-AE5B-B78F3B40CB44}.Debug|x64.Build.0 = Debug|x64
		{63ACC352-6F33-4E76-AE5B-B78F3B40CB44}.Release|ARM64.ActiveCfg = Release|ARM64
		{63ACC352-6F33-4E76-AE5B-B78F3B40CB44}.Release|ARM64.Build.0 = Release|ARM64
		{63ACC352-6F33-4E76-AE5B-B78F3B40CB44}.Release|Win32.ActiveCfg = Release|Win32
		{63ACC352-6F33-4E76-AE5B-B78F3B40CB44}.Release|Win32.Build.0 = Release|Win32
		{63ACC352-6F33-4E76-AE5B-B78F3B40CB44}.Release|x64.ActiveCfg = Release|x64
		{63ACC352-6F33-4E76-AE5B-B78F3B40CB44}.Release|x64.Build.0 = Release|x64
		{ABB9A353-8CCE-40CF-ACC5-9B3BD2B18746}.Debug|ARM64.ActiveCfg = Debug|ARM64
		{ABB9A353-8CCE-40CF-ACC5-9B3BD2B18746}.Debug|ARM64.Build.0 = Debug|ARM64
		{ABB9A353-8CCE-40CF-ACC5-9B3BD2B18746}.Debug|Win32.ActiveCfg = Debug|Win32
		{ABB9A353-8CCE-40CF-ACC5-9B3BD2B18746}.Debug|Win32.Build.0 = Debug|Win32
		{ABB9A353-8CCE-40CF-ACC5-9B3BD2B18746}.Debug|x64.ActiveCfg = Debug|x64
		{ABB9A353-8CCE-40CF-ACC5-9B3BD2B18746}.Debug|x64.Build.0 = Debug|x64
		{ABB9A353-8CCE-40CF-ACC5-9B3BD2B18746}.Release|ARM64.ActiveCfg = Release|ARM64
		{ABB9A353-8CCE-40CF-ACC5-9B3BD2B18746}.Release|ARM64.Build.0 = Release|ARM64
		{ABB9A353-8CCE-40CF-ACC5-9B3BD2B18746}.Release|Win32.ActiveCfg = Release|Win32
		{ABB9A353-8CCE-40CF-ACC5-9B3BD2B18746}.Release|Win32.Build.0 = Release|Win32
		{ABB9A353-8CCE-40CF-ACC5-9B3BD2B18746}.Release|x64.ActiveCfg = Release|x64
		{ABB9A353-8CCE-40CF-ACC5-9B3BD2B18746}.Release|x64.Build.0 = Release|x64
		{A867397A-0C99-3588-ABF3-CA22050152E1}.Debug|ARM64.ActiveCfg = Debug|ARM64
		{A867397A-0C99-3588-ABF3-CA22050152E1}.Debug|ARM64.Build.0 = Debug|ARM64
		{A867397A-0C99-3588-ABF3-CA22050152E1}.Debug|Win32.ActiveCfg = Debug|Win32
		{A867397A-0C99-3588-ABF3-CA22050152E1}.Debug|Win32.Build.0 = Debug|Win32
		{A867397A-0C99-3588-ABF3-CA22050152E1}.Debug|x64.ActiveCfg = Debug|x64
		{A867397A-0C99-3588-ABF3-CA22050152E1}.Debug|x64.Build.0 = Debug|x64
		{A867397A-0C99-3588-ABF3-CA22050152E1}.Release|ARM64.ActiveCfg = Release|ARM64
		{A867397A-0C99-3588-ABF3-CA22050152E1}.Release|ARM64.Build.0 = Release|ARM64
		{A867397A-0C99-3588-ABF3-CA22050152E1}.Release|Win32.ActiveCfg = Release|Win32
		{A867397A-0C99-3588-ABF3-CA22050152E1}.Release|Win32.Build.0 = Release|Win32
		{A867397A-0C99-3588-ABF3-CA22050152E1}.Release|x64.ActiveCfg = Release|x64
		{A867397A-0C99-3588-ABF3-CA22050152E1}.Release|x64.Build.0 = Release|x64
		{03AF98C7-31D6-33B2-975E-0989568B23FB}.Debug|ARM64.ActiveCfg = Debug|ARM64
		{03AF98C7-31D6-33B2-975E-0989568B23FB}.Debug|ARM64.Build.0 = Debug|ARM64
		{03AF98C7-31D6-33B2-975E-0989568B23FB}.Debug|Win32.ActiveCfg = Debug|Win32
		{03AF98C7-31D6-33B2-975E-0989568B23FB}.Debug|Win32.Build.0 = Debug|Win32
		{03AF98C7-31D6-33B2-975E-0989568B23FB}.Debug|x64.ActiveCfg = Debug|x64
		{03AF98C7-31D6-33B2-975E-0989568B23FB}.Debug|x64.Build.0 = Debug|x64
		{03AF98C7-31D6-33B2-975E-0989568B23FB}.Release|ARM64.ActiveCfg = Release|ARM64
		{03AF98C7-31D6-33B2-975E-0989568B23FB}.Release|ARM64.Build.0 = Release|ARM64
		{03AF98C7-31D6-33B2-975E-0989568B23FB}.Release|Win32.ActiveCfg = Release|Win32
		{03AF98C7-31D6-33B2-975E-0989568B23FB}.Release|Win32.Build.0 = Release|Win32
		{03AF98C7-31D6-33B2-975E-0989568B23FB}.Release|x64.ActiveCfg = Release|x64
		{03AF98C7-31D6-33B2-975E-0989568B23FB}.Release|x64.Build.0 = Release|x64
		{9743296C-D8B9-44C7-8DF6-92E24D5F4861}.Debug|ARM64.ActiveCfg = Debug|x64
		{9743296C-D8B9-44C7-8DF6-92E24D5F4861}.Debug|ARM64.Build.0 = Debug|x64
		{9743296C-D8B9-44C7-8DF6-92E24D5F4861}.Debug|Win32.ActiveCfg = Debug|Win32
		{9743296C-D8B9-44C7-8DF6-92E24D5F4861}.Debug|Win32.Build.0 = Debug|Win32
		{9743296C-D8B9-44C7-8DF6-92E24D5F4861}.Debug|x64.ActiveCfg = Debug|x64
		{9743296C-D8B9-44C7-8DF6-92E24D5F4861}.Debug|x64.Build.0 = Debug|x64
		{9743296C-D8B9-44C7-8DF6-92E24D5F4861}.Release|ARM64.ActiveCfg = Release|x64
		{9743296C-D8B9-44C7-8DF6-92E24D5F4861}.Release|ARM64.Build.0 = Release|x64
		{9743296C-D8B9-44C7-8DF6-92E24D5F4861}.Release|Win32.ActiveCfg = Release|Win32
		{9743296C-D8B9-44C7-8DF6-92E24D5F4861}.Release|Win32.Build.0 = Release|Win32
		{9743296C-D8B9-44C7-8DF6-92E24D5F4861}.Release|x64.ActiveCfg = Release|x64
		{9743296C-D8B9-44C7-8DF6-92E24D5F4861}.Release|x64.Build.0 = Release|x64
		{9A2F1226-F015-4A4D-988C-ACC96576A556}.Debug|ARM64.ActiveCfg = Debug|ARM64
		{9A2F1226-F015-4A4D-988C-ACC96576A556}.Debug|ARM64.Build.0 = Debug|ARM64
		{9A2F1226-F015-4A4D-988C-ACC96576A556}.Debug|Win32.ActiveCfg = Debug|Win32
		{9A2F1226-F015-4A4D-988C-ACC96576A556}.Debug|Win32.Build.0 = Debug|Win32
		{9A2F1226-F015-4A4D-988C-ACC96576A556}.Debug|x64.ActiveCfg = Debug|x64
		{9A2F1226-F015-4A4D-988C-ACC96576A556}.Debug|x64.Build.0 = Debug|x64
		{9A2F1226-F015-4A4D-988C-ACC96576A556}.Release|ARM64.ActiveCfg = Release|ARM64
		{9A2F1226-F015-4A4D-988C-ACC96576A556}.Release|ARM64.Build.0 = Release|ARM64
		{9A2F1226-F015-4A4D-988C-ACC96576A556}.Release|Win32.ActiveCfg = Release|Win32
		{9A2F1226-F015-4A4D-988C-ACC96576A556}.Release|Win32.Build.0 = Release|Win32
		{9A2F1226-F015-4A4D-988C-ACC96576A556}.Release|x64.ActiveCfg = Release|x64
		{9A2F1226-F015-4A4D-988C-ACC96576A556}.Release|x64.Build.0 = Release|x64
		{FB0D9E5C-6C47-4B88-AD51-27FC9DC63BEB}.Debug|ARM64.ActiveCfg = Debug|ARM64
		{FB0D9E5C-6C47-4B88-AD51-27FC9DC63BEB}.Debug|ARM64.Build.0 = Debug|ARM64
		{FB0D9E5C-6C47-4B88-AD51-27FC9DC63BEB}.Debug|Win32.ActiveCfg = Debug|Win32
		{FB0D9E5C-6C47-4B88-AD51-27FC9DC63BEB}.Debug|Win32.Build.0 = Debug|Win32
		{FB0D9E5C-6C47-4B88-AD51-27FC9DC63BEB}.Debug|x64.ActiveCfg = Debug|x64
		{FB0D9E5C-6C47-4B88-AD51-27FC9DC63BEB}.Debug|x64.Build.0 = Debug|x64
		{FB0D9E5C-6C47-4B88-AD51-27FC9DC63BEB}.Release|ARM64.ActiveCfg = Release|ARM64
		{FB0D9E5C-6C47-4B88-AD51-27FC9DC63BEB}.Release|ARM64.Build.0 = Release|ARM64
		{FB0D9E5C-6C47-4B88-AD51-27FC9DC63BEB}.Release|Win32.ActiveCfg = Release|Win32
		{FB0D9E5C-6C47-4B88-AD51-27FC9DC63BEB}.Release|Win32.Build.0 = Release|Win32
		{FB0D9E5C-6C47-4B88-AD51-27FC9DC63BEB}.Release|x64.ActiveCfg = Release|x64
		{FB0D9E5C-6C47-4B88-AD51-27FC9DC63BEB}.Release|x64.Build.0 = Release|x64
		{EC86E62A-3F1F-41FD-8B5A-46D4174E2C1D}.Debug|ARM64.ActiveCfg = Debug|ARM64
		{EC86E62A-3F1F-41FD-8B5A-46D4174E2C1D}.Debug|ARM64.Build.0 = Debug|ARM64
		{EC86E62A-3F1F-41FD-8B5A-46D4174E2C1D}.Debug|Win32.ActiveCfg = Debug|Win32
		{EC86E62A-3F1F-41FD-8B5A-46D4174E2C1D}.Debug|Win32.Build.0 = Debug|Win32
		{EC86E62A-3F1F-41FD-8B5A-46D4174E2C1D}.Debug|x64.ActiveCfg = Debug|x64
		{EC86E62A-3F1F-41FD-8B5A-46D4174E2C1D}.Debug|x64.Build.0 = Debug|x64
		{EC86E62A-3F1F-41FD-8B5A-46D4174E2C1D}.Release|ARM64.ActiveCfg = Release|ARM64
		{EC86E62A-3F1F-41FD-8B5A-46D4174E2C1D}.Release|ARM64.Build.0 = Release|ARM64
		{EC86E62A-3F1F-41FD-8B5A-46D4174E2C1D}.Release|Win32.ActiveCfg = Release|Win32
		{EC86E62A-3F1F-41FD-8B5A-46D4174E2C1D}.Release|Win32.Build.0 = Release|Win32
		{EC86E62A-3F1F-41FD-8B5A-46D4174E2C1D}.Release|x64.ActiveCfg = Release|x64
		{EC86E62A-3F1F-41FD-8B5A-46D4174E2C1D}.Release|x64.Build.0 = Release|x64
		{0763177E-200C-4752-8756-34EB8A1E3B7B}.Debug|ARM64.ActiveCfg = Debug|x64
		{0763177E-200C-4752-8756-34EB8A1E3B7B}.Debug|ARM64.Build.0 = Debug|x64
		{0763177E-200C-4752-8756-34EB8A1E3B7B}.Debug|Win32.ActiveCfg = Debug|Win32
		{0763177E-200C-4752-8756-34EB8A1E3B7B}.Debug|Win32.Build.0 = Debug|Win32
		{0763177E-200C-4752-8756-34EB8A1E3B7B}.Debug|x64.ActiveCfg = Debug|x64
		{0763177E-200C-4752-8756-34EB8A1E3B7B}.Debug|x64.Build.0 = Debug|x64
		{0763177E-200C-4752-8756-34EB8A1E3B7B}.Release|ARM64.ActiveCfg = Release|x64
		{0763177E-200C-4752-8756-34EB8A1E3B7B}.Release|ARM64.Build.0 = Release|x64
		{0763177E-200C-4752-8756-34EB8A1E3B7B}.Release|Win32.ActiveCfg = Release|Win32
		{0763177E-200C-4752-8756-34EB8A1E3B7B}.Release|Win32.Build.0 = Release|Win32
		{0763177E-200C-4752-8756-34EB8A1E3B7B}.Release|x64.ActiveCfg = Release|x64
		{0763177E-200C-4752-8756-34EB8A1E3B7B}.Release|x64.Build.0 = Release|x64
		{07C6A841-91DC-4E2C-893E-32E469232A7A}.Debug|ARM64.ActiveCfg = Debug|x64
		{07C6A841-91DC-4E2C-893E-32E469232A7A}.Debug|ARM64.Build.0 = Debug|x64
		{07C6A841-91DC-4E2C-893E-32E469232A7A}.Debug|Win32.ActiveCfg = Debug|Win32
		{07C6A841-91DC-4E2C-893E-32E469232A7A}.Debug|Win32.Build.0 = Debug|Win32
		{07C6A841-91DC-4E2C-893E-32E469232A7A}.Debug|x64.ActiveCfg = Debug|x64
		{07C6A841-91DC-4E2C-893E-32E469232A7A}.Debug|x64.Build.0 = Debug|x64
		{07C6A841-91DC-4E2C-893E-32E469232A7A}.Release|ARM64.ActiveCfg = Release|x64
		{07C6A841-91DC-4E2C-893E-32E469232A7A}.Release|ARM64.Build.0 = Release|x64
		{07C6A841-91DC-4E2C-893E-32E469232A7A}.Release|Win32.ActiveCfg = Release|Win32
		{07C6A841-91DC-4E2C-893E-32E469232A7A}.Release|Win32.Build.0 = Release|Win32
		{07C6A841-91DC-4E2C-893E-32E469232A7A}.Release|x64.ActiveCfg = Release|x64
		{07C6A841-91DC-4E2C-893E-32E469232A7A}.Release|x64.Build.0 = Release|x64
	EndGlobalSection
	GlobalSection(SolutionProperties) = preSolution
		HideSolutionNode = FALSE
	EndGlobalSection
	GlobalSection(NestedProjects) = preSolution
		{06D3B3E6-E65E-4606-A634-6BA51F96AF70} = {B8844348-EB27-4BF5-BD8A-6DDC8C86BA5D}
		{18527041-F416-114C-500F-5856431D553A} = {B8844348-EB27-4BF5-BD8A-6DDC8C86BA5D}
		{307DFC5B-AEB0-4523-AC4D-F55506A01036} = {B8844348-EB27-4BF5-BD8A-6DDC8C86BA5D}
		{33134F61-C1AD-4B6F-9CEA-503A9F140C52} = {B8844348-EB27-4BF5-BD8A-6DDC8C86BA5D}
		{48CDD9DC-E09F-4135-9C0C-4FE50C3C654B} = {B8844348-EB27-4BF5-BD8A-6DDC8C86BA5D}
		{C5BB1536-3776-4474-861D-B5923C610FE4} = {B8844348-EB27-4BF5-BD8A-6DDC8C86BA5D}
		{767E57ED-6D37-32A1-B51E-C39E7C1CD02A} = {B8844348-EB27-4BF5-BD8A-6DDC8C86BA5D}
		{2C15C400-4CB7-4EB7-9EC6-4C0716B26706} = {B8844348-EB27-4BF5-BD8A-6DDC8C86BA5D}
		{D712C975-039A-4381-990E-9E4B33435EC8} = {B8844348-EB27-4BF5-BD8A-6DDC8C86BA5D}
		{F24B293B-E1E5-44DB-BC4D-089A916343CF} = {B8844348-EB27-4BF5-BD8A-6DDC8C86BA5D}
		{69EFB810-5F9B-4B89-A7AD-F724D5D45CD1} = {B8844348-EB27-4BF5-BD8A-6DDC8C86BA5D}
		{6BB47851-B3B2-40E7-AB80-54944BA587CB} = {B8844348-EB27-4BF5-BD8A-6DDC8C86BA5D}
		{7BE9AE68-C4D9-4436-892E-91CF677EC0A7} = {B8844348-EB27-4BF5-BD8A-6DDC8C86BA5D}
		{A1CE6D15-A6EC-4536-9D31-E0602493EE27} = {B8844348-EB27-4BF5-BD8A-6DDC8C86BA5D}
		{57A5A2FA-023C-4C6C-9922-A8B061AE9998} = {B8844348-EB27-4BF5-BD8A-6DDC8C86BA5D}
		{12728250-16EC-4DC6-94D7-E21DD88947F8} = {B8844348-EB27-4BF5-BD8A-6DDC8C86BA5D}
		{DA6B2A49-4F76-4D84-AB2D-05C805884915} = {B8844348-EB27-4BF5-BD8A-6DDC8C86BA5D}
		{3C085EF4-C8C5-40BA-A9E6-A44FBC86B7B9} = {B8844348-EB27-4BF5-BD8A-6DDC8C86BA5D}
		{63ACC352-6F33-4E76-AE5B-B78F3B40CB44} = {B8844348-EB27-4BF5-BD8A-6DDC8C86BA5D}
		{ABB9A353-8CCE-40CF-ACC5-9B3BD2B18746} = {B8844348-EB27-4BF5-BD8A-6DDC8C86BA5D}
		{A867397A-0C99-3588-ABF3-CA22050152E1} = {B8844348-EB27-4BF5-BD8A-6DDC8C86BA5D}
		{03AF98C7-31D6-33B2-975E-0989568B23FB} = {B8844348-EB27-4BF5-BD8A-6DDC8C86BA5D}
		{9743296C-D8B9-44C7-8DF6-92E24D5F4861} = {B8844348-EB27-4BF5-BD8A-6DDC8C86BA5D}
		{9A2F1226-F015-4A4D-988C-ACC96576A556} = {B8844348-EB27-4BF5-BD8A-6DDC8C86BA5D}
		{FB0D9E5C-6C47-4B88-AD51-27FC9DC63BEB} = {B8844348-EB27-4BF5-BD8A-6DDC8C86BA5D}
		{EC86E62A-3F1F-41FD-8B5A-46D4174E2C1D} = {B8844348-EB27-4BF5-BD8A-6DDC8C86BA5D}
		{0763177E-200C-4752-8756-34EB8A1E3B7B} = {B8844348-EB27-4BF5-BD8A-6DDC8C86BA5D}
		{07C6A841-91DC-4E2C-893E-32E469232A7A} = {B8844348-EB27-4BF5-BD8A-6DDC8C86BA5D}
	EndGlobalSection
	GlobalSection(ExtensibilityGlobals) = postSolution
		SolutionGuid = {96711AE3-CF24-4BCE-8BF8-EC4251D2FDA3}
	EndGlobalSection
	GlobalSection(DPCodeReviewSolutionGUID) = preSolution
		DPCodeReviewSolutionGUID = {00000000-0000-0000-0000-000000000000}
	EndGlobalSection
EndGlobal
