<?xml version="1.0" encoding="utf-8"?>
<Project ToolsVersion="4.0" xmlns="http://schemas.microsoft.com/developer/msbuild/2003">
  <ItemGroup>
    <Filter Include="Header Files">
      <UniqueIdentifier>{9de2820b-b499-4e92-adc6-59e7b7f5be2c}</UniqueIdentifier>
      <Extensions>h;hpp;hxx;hm;inl;fi;fd</Extensions>
    </Filter>
    <Filter Include="Generated Files">
      <UniqueIdentifier>{655c97fe-201a-45f3-9784-54816a424844}</UniqueIdentifier>
    </Filter>
    <Filter Include="Resource Files">
      <UniqueIdentifier>{22c2dee0-ceb4-4cd2-9aa4-7d846ce48e0b}</UniqueIdentifier>
      <Extensions>ico;cur;bmp;dlg;rc2;rct;bin;cnt;rtf;gif;jpg;jpeg;jpe;png;html</Extensions>
    </Filter>
    <Filter Include="Source Files">
      <UniqueIdentifier>{98976eb7-45f3-4044-b3a5-57fec0b2405c}</UniqueIdentifier>
      <Extensions>cpp;c;cxx;rc;def;r;odl;hpj;bat;for;f90</Extensions>
    </Filter>
    <Filter Include="Shaders">
      <UniqueIdentifier>{9cde3728-1b27-4d17-9ac6-ce317b1ab44d}</UniqueIdentifier>
      <Extensions>hlsl;hlsli</Extensions>
    </Filter>
  </ItemGroup>
  <ItemGroup>
    <FxCompile Include="shaders\rgb_bicubic_ps.hlsl">
      <Filter>Shaders</Filter>
    </FxCompile>
    <FxCompile Include="shaders\circle_ps.hlsl">
      <Filter>Shaders</Filter>
    </FxCompile>
    <FxCompile Include="shaders\solid_ps.hlsl">
      <Filter>Shaders</Filter>
    </FxCompile>
    <FxCompile Include="shaders\font_ps.hlsl">
      <Filter>Shaders</Filter>
    </FxCompile>
    <FxCompile Include="shaders\vs.hlsl">
      <Filter>Shaders</Filter>
    </FxCompile>
    <FxCompile Include="shaders\rgb_ps.hlsl">
      <Filter>Shaders</Filter>
    </FxCompile>
    <FxCompile Include="shaders\yuv_bicubic_ps.hlsl">
      <Filter>Shaders</Filter>
    </FxCompile>
    <FxCompile Include="shaders\yuv_ps.hlsl">
      <Filter>Shaders</Filter>
    </FxCompile>
  </ItemGroup>
  <ItemGroup>
    <ClCompile Include="app_commands.cpp">
      <Filter>Source Files</Filter>
    </ClCompile>
    <ClCompile Include="av_stubs.cpp">
      <Filter>Source Files</Filter>
    </ClCompile>
    <ClCompile Include="files_heif.cpp">
      <Filter>Source Files</Filter>
    </ClCompile>
    <ClCompile Include="files_png.cpp">
      <Filter>Source Files</Filter>
    </ClCompile>
    <ClCompile Include="files_webp.cpp">
      <Filter>Source Files</Filter>
    </ClCompile>
    <ClCompile Include="metadata_icc.cpp">
      <Filter>Source Files</Filter>
    </ClCompile>
    <ClCompile Include="model_search.cpp">
      <Filter>Source Files</Filter>
    </ClCompile>
    <ClCompile Include="files_psd.cpp">
      <Filter>Source Files</Filter>
    </ClCompile>
    <ClCompile Include="files_raw.cpp">
      <Filter>Source Files</Filter>
    </ClCompile>
    <ClCompile Include="crypto_aes256.cpp">
      <Filter>Source Files</Filter>
    </ClCompile>
    <ClCompile Include="render_surface.cpp">
      <Filter>Source Files</Filter>
    </ClCompile>
    <ClCompile Include="platform_win_font.cpp">
      <Filter>Source Files</Filter>
    </ClCompile>
    <ClCompile Include="platform_win_sound.cpp">
      <Filter>Source Files</Filter>
    </ClCompile>
    <ClCompile Include="platform_win_web.cpp">
      <Filter>Source Files</Filter>
    </ClCompile>
    <ClCompile Include="platform_win_ui.cpp">
      <Filter>Source Files</Filter>
    </ClCompile>
    <ClCompile Include="util_base64.cpp">
      <Filter>Source Files</Filter>
    </ClCompile>
    <ClCompile Include="files_core.cpp">
      <Filter>Source Files</Filter>
    </ClCompile>
    <ClCompile Include="render_color.cpp">
      <Filter>Source Files</Filter>
    </ClCompile>
    <ClCompile Include="util.cpp">
      <Filter>Source Files</Filter>
    </ClCompile>
    <ClCompile Include="ui.cpp">
      <Filter>Source Files</Filter>
    </ClCompile>
    <ClCompile Include="view_edit.cpp">
      <Filter>Source Files</Filter>
    </ClCompile>
    <ClCompile Include="metadata_exif.cpp">
      <Filter>Source Files</Filter>
    </ClCompile>
    <ClCompile Include="util_geometry.cpp">
      <Filter>Source Files</Filter>
    </ClCompile>
    <ClCompile Include="crypto.cpp">
      <Filter>Source Files</Filter>
    </ClCompile>
    <ClCompile Include="files_scan_photo.cpp">
      <Filter>Source Files</Filter>
    </ClCompile>
    <ClCompile Include="render_image.cpp">
      <Filter>Source Files</Filter>
    </ClCompile>
    <ClCompile Include="metadata_iptc.cpp">
      <Filter>Source Files</Filter>
    </ClCompile>
    <ClCompile Include="model_items.cpp">
      <Filter>Source Files</Filter>
    </ClCompile>
    <ClCompile Include="model_db.cpp">
      <Filter>Source Files</Filter>
    </ClCompile>
    <ClCompile Include="model_index.cpp">
      <Filter>Source Files</Filter>
    </ClCompile>
    <ClCompile Include="view_items.cpp">
      <Filter>Source Files</Filter>
    </ClCompile>
    <ClCompile Include="files_jpeg.cpp">
      <Filter>Source Files</Filter>
    </ClCompile>
    <ClCompile Include="model_locations.cpp">
      <Filter>Source Files</Filter>
    </ClCompile>
    <ClCompile Include="app.cpp">
      <Filter>Source Files</Filter>
    </ClCompile>
    <ClCompile Include="crypto_md5.cpp">
      <Filter>Source Files</Filter>
    </ClCompile>
    <ClCompile Include="av_format.cpp">
      <Filter>Source Files</Filter>
    </ClCompile>
    <ClCompile Include="model_tags.cpp">
      <Filter>Source Files</Filter>
    </ClCompile>
    <ClCompile Include="app_settings.cpp">
      <Filter>Source Files</Filter>
    </ClCompile>
    <ClCompile Include="platform_win.cpp">
      <Filter>Source Files</Filter>
    </ClCompile>
    <ClCompile Include="model_property.cpp">
      <Filter>Source Files</Filter>
    </ClCompile>
    <ClCompile Include="platform_win_d3d11.cpp">
      <Filter>Source Files</Filter>
    </ClCompile>
    <ClCompile Include="crypto_sha.cpp">
      <Filter>Source Files</Filter>
    </ClCompile>
    <ClCompile Include="util_spell.cpp">
      <Filter>Source Files</Filter>
    </ClCompile>
    <ClCompile Include="model.cpp">
      <Filter>Source Files</Filter>
    </ClCompile>
    <ClCompile Include="pch.cpp">
      <Filter>Source Files</Filter>
    </ClCompile>
    <ClCompile Include="util_strings.cpp">
      <Filter>Source Files</Filter>
    </ClCompile>
    <ClCompile Include="view_test.cpp">
      <Filter>Source Files</Filter>
    </ClCompile>
    <ClCompile Include="app_text.cpp">
      <Filter>Source Files</Filter>
    </ClCompile>
    <ClCompile Include="metadata_xmp.cpp">
      <Filter>Source Files</Filter>
    </ClCompile>
    <ClCompile Include="util_zip.cpp">
      <Filter>Source Files</Filter>
    </ClCompile>
    <ClCompile Include="platform_win_wic.cpp">
      <Filter>Source Files</Filter>
    </ClCompile>
    <ClCompile Include="files_commodore.cpp">
      <Filter>Source Files</Filter>
    </ClCompile>
    <ClCompile Include="app_util.cpp">
      <Filter>Source Files</Filter>
    </ClCompile>
    <ClCompile Include="view_rename.cpp">
      <Filter>Source Files</Filter>
    </ClCompile>
    <ClCompile Include="view_import.cpp">
      <Filter>Source Files</Filter>
    </ClCompile>
    <ClCompile Include="view_sync.cpp">
      <Filter>Source Files</Filter>
    </ClCompile>
    <ClCompile Include="tests.cpp">
      <Filter>Source Files</Filter>
    </ClCompile>
  </ItemGroup>
  <ItemGroup>
    <ClInclude Include="app_commands.h">
      <Filter>Header Files</Filter>
    </ClInclude>
    <ClInclude Include="app_command_line.h">
      <Filter>Header Files</Filter>
    </ClInclude>
    <ClInclude Include="app_match.h">
      <Filter>Header Files</Filter>
    </ClInclude>
    <ClInclude Include="app_sidebar.h">
      <Filter>Header Files</Filter>
    </ClInclude>
    <ClInclude Include="app_text.h">
      <Filter>Header Files</Filter>
    </ClInclude>
    <ClInclude Include="files_structs.h">
      <Filter>Header Files</Filter>
    </ClInclude>
    <ClInclude Include="metadata_icc.h">
      <Filter>Header Files</Filter>
    </ClInclude>
    <ClInclude Include="model_db_pack.h">
      <Filter>Header Files</Filter>
    </ClInclude>
    <ClInclude Include="secrets.h">
      <Filter>Header Files</Filter>
    </ClInclude>
    <ClInclude Include="ui_controls.h">
      <Filter>Header Files</Filter>
    </ClInclude>
    <ClInclude Include="app_command_status.h">
      <Filter>Header Files</Filter>
    </ClInclude>
    <ClInclude Include="ui_text_view.h">
      <Filter>Header Files</Filter>
    </ClInclude>
    <ClInclude Include="util_map.h">
      <Filter>Header Files</Filter>
    </ClInclude>
    <ClInclude Include="util_selector.h">
      <Filter>Header Files</Filter>
    </ClInclude>
    <ClInclude Include="util_simd.h">
      <Filter>Header Files</Filter>
    </ClInclude>
    <ClInclude Include="util_text.h">
      <Filter>Header Files</Filter>
    </ClInclude>
    <ClInclude Include="platform_win.h">
      <Filter>Header Files</Filter>
    </ClInclude>
    <ClInclude Include="util_crash_files_db.h">
      <Filter>Header Files</Filter>
    </ClInclude>
    <ClInclude Include="av_player.h">
      <Filter>Header Files</Filter>
    </ClInclude>
    <ClInclude Include="model_search.h">
      <Filter>Header Files</Filter>
    </ClInclude>
    <ClInclude Include="model_tokenizer.h">
      <Filter>Header Files</Filter>
    </ClInclude>
    <ClInclude Include="crypto_aes256.h">
      <Filter>Header Files</Filter>
    </ClInclude>
    <ClInclude Include="util_json.h">
      <Filter>Header Files</Filter>
    </ClInclude>
    <ClInclude Include="util_base64.h">
      <Filter>Header Files</Filter>
    </ClInclude>
    <ClInclude Include="files.h">
      <Filter>Header Files</Filter>
    </ClInclude>
    <ClInclude Include="util.h">
      <Filter>Header Files</Filter>
    </ClInclude>
    <ClInclude Include="model_location.h">
      <Filter>Header Files</Filter>
    </ClInclude>
    <ClInclude Include="ui_elements.h">
      <Filter>Header Files</Filter>
    </ClInclude>
    <ClInclude Include="metadata_iptc.h">
      <Filter>Header Files</Filter>
    </ClInclude>
    <ClInclude Include="util_spell.h">
      <Filter>Header Files</Filter>
    </ClInclude>
    <ClInclude Include="util_date.h">
      <Filter>Header Files</Filter>
    </ClInclude>
    <ClInclude Include="ui_dialog.h">
      <Filter>Header Files</Filter>
    </ClInclude>
    <ClInclude Include="view_edit.h">
      <Filter>Header Files</Filter>
    </ClInclude>
    <ClInclude Include="metadata_exif.h">
      <Filter>Header Files</Filter>
    </ClInclude>
    <ClInclude Include="util_geometry.h">
      <Filter>Header Files</Filter>
    </ClInclude>
    <ClInclude Include="crypto.h">
      <Filter>Header Files</Filter>
    </ClInclude>
    <ClInclude Include="app_icons.h">
      <Filter>Header Files</Filter>
    </ClInclude>
    <ClInclude Include="util_interfaces.h">
      <Filter>Header Files</Filter>
    </ClInclude>
    <ClInclude Include="model_items.h">
      <Filter>Header Files</Filter>
    </ClInclude>
    <ClInclude Include="model_db.h">
      <Filter>Header Files</Filter>
    </ClInclude>
    <ClInclude Include="model_index.h">
      <Filter>Header Files</Filter>
    </ClInclude>
    <ClInclude Include="view_items.h">
      <Filter>Header Files</Filter>
    </ClInclude>
    <ClInclude Include="files_jpeg.h">
      <Filter>Header Files</Filter>
    </ClInclude>
    <ClInclude Include="util_kdtree.h">
      <Filter>Header Files</Filter>
    </ClInclude>
    <ClInclude Include="model_locations.h">
      <Filter>Header Files</Filter>
    </ClInclude>
    <ClInclude Include="app.h">
      <Filter>Header Files</Filter>
    </ClInclude>
    <ClInclude Include="crypto_md5.h">
      <Filter>Header Files</Filter>
    </ClInclude>
    <ClInclude Include="av_format.h">
      <Filter>Header Files</Filter>
    </ClInclude>
    <ClInclude Include="view_media.h">
      <Filter>Header Files</Filter>
    </ClInclude>
    <ClInclude Include="util_file.h">
      <Filter>Header Files</Filter>
    </ClInclude>
    <ClInclude Include="model_tags.h">
      <Filter>Header Files</Filter>
    </ClInclude>
    <ClInclude Include="app_settings.h">
      <Filter>Header Files</Filter>
    </ClInclude>
    <ClInclude Include="util_path.h">
      <Filter>Header Files</Filter>
    </ClInclude>
    <ClInclude Include="platform.h">
      <Filter>Header Files</Filter>
    </ClInclude>
    <ClInclude Include="model_propery.h">
      <Filter>Header Files</Filter>
    </ClInclude>
    <ClInclude Include="platform_win_browser.h">
      <Filter>Header Files</Filter>
    </ClInclude>
    <ClInclude Include="platform_win_res.h">
      <Filter>Header Files</Filter>
    </ClInclude>
    <ClInclude Include="crypto_sha.h">
      <Filter>Header Files</Filter>
    </ClInclude>
    <ClInclude Include="av_sound.h">
      <Filter>Header Files</Filter>
    </ClInclude>
    <ClInclude Include="av_visualizer.h">
      <Filter>Header Files</Filter>
    </ClInclude>
    <ClInclude Include="model.h">
      <Filter>Header Files</Filter>
    </ClInclude>
    <ClInclude Include="pch.h">
      <Filter>Header Files</Filter>
    </ClInclude>
    <ClInclude Include="util_strings.h">
      <Filter>Header Files</Filter>
    </ClInclude>
    <ClInclude Include="view_test.h">
      <Filter>Header Files</Filter>
    </ClInclude>
    <ClInclude Include="ui_controllers.h">
      <Filter>Header Files</Filter>
    </ClInclude>
    <ClInclude Include="util_top.h">
      <Filter>Header Files</Filter>
    </ClInclude>
    <ClInclude Include="ui.h">
      <Filter>Header Files</Filter>
    </ClInclude>
    <ClInclude Include="ui_view.h">
      <Filter>Header Files</Filter>
    </ClInclude>
    <ClInclude Include="metadata_xmp.h">
      <Filter>Header Files</Filter>
    </ClInclude>
    <ClInclude Include="util_zip.h">
      <Filter>Header Files</Filter>
    </ClInclude>
    <ClInclude Include="platform_win_visual.h">
      <Filter>Header Files</Filter>
    </ClInclude>
    <ClInclude Include="view_list.h">
      <Filter>Header Files</Filter>
    </ClInclude>
    <ClInclude Include="view_rename.h">
      <Filter>Header Files</Filter>
    </ClInclude>
    <ClInclude Include="view_import.h">
      <Filter>Header Files</Filter>
    </ClInclude>
    <ClInclude Include="view_sync.h">
      <Filter>Header Files</Filter>
    </ClInclude>
  </ItemGroup>
  <ItemGroup>
    <ResourceCompile Include="platform_win_res.rc">
      <Filter>Source Files</Filter>
    </ResourceCompile>
  </ItemGroup>
  <ItemGroup>
    <Image Include="Res\logo.png">
      <Filter>Resource Files</Filter>
    </Image>
    <Image Include="Res\search.png">
      <Filter>Resource Files</Filter>
    </Image>
  </ItemGroup>
  <ItemGroup>
    <None Include="Res\bg.png">
      <Filter>Resource Files</Filter>
    </None>
    <None Include="res\blue_circle_16.png">
      <Filter>Resource Files</Filter>
    </None>
    <None Include="res\blue_circle_50.png">
      <Filter>Resource Files</Filter>
    </None>
    <None Include="Res\color_select.cur">
      <Filter>Resource Files</Filter>
    </None>
    <None Include="Res\create_tables.sql" />
    <None Include="Res\default.ico">
      <Filter>Resource Files</Filter>
    </None>
    <None Include="Res\digits.png">
      <Filter>Resource Files</Filter>
    </None>
    <None Include="Res\folder.ico">
      <Filter>Resource Files</Filter>
    </None>
    <None Include="Res\hand.cur">
      <Filter>Resource Files</Filter>
    </None>
    <None Include="Res\hand_down.cur">
      <Filter>Resource Files</Filter>
    </None>
    <None Include="Res\hand_up.cur">
      <Filter>Resource Files</Filter>
    </None>
    <None Include="Res\app.ico">
      <Filter>Resource Files</Filter>
    </None>
    <None Include="Res\inverse_shadow.png">
      <Filter>Resource Files</Filter>
    </None>
    <None Include="res\manifest.bin">
      <Filter>Resource Files</Filter>
    </None>
    <None Include="res\maps.html">
      <Filter>Resource Files</Filter>
    </None>
    <None Include="Res\map_pin.png">
      <Filter>Resource Files</Filter>
    </None>
    <None Include="res\markerclusterer.js" />
    <None Include="Res\move.cur">
      <Filter>Resource Files</Filter>
    </None>
    <None Include="Res\select.cur">
      <Filter>Resource Files</Filter>
    </None>
    <None Include="Res\shadow.png">
      <Filter>Resource Files</Filter>
    </None>
    <None Include="Res\tb_large.bmp">
      <Filter>Resource Files</Filter>
    </None>
    <None Include="Res\blank.html">
      <Filter>Resource Files</Filter>
    </None>
    <None Include="Res\tb_small.bmp">
      <Filter>Resource Files</Filter>
    </None>
    <None Include="Res\title.png">
      <Filter>Resource Files</Filter>
    </None>
    <None Include="Res\world_map.jpg">
      <Filter>Resource Files</Filter>
    </None>
    <None Include="shaders\common.hlsli">
      <Filter>Shaders</Filter>
    </None>
    <None Include="app_util.h" />
  </ItemGroup>
</Project>